
Microsoft Visual Studio Solution File, Format Version 12.00
# Visual Studio Version 17
VisualStudioVersion = 17.6.33829.357
MinimumVisualStudioVersion = 10.0.40219.1
Project("{FAE04EC0-301F-11D3-BF4B-00C04F79EFBC}") = "BikesCRUD", "BikesCRUD\BikesCRUD.csproj", "{A2E81F0D-B3F6-4C0A-AA5B-2B1B72B6DF62}"
EndProject
Global
	GlobalSection(SolutionConfigurationPlatforms) = preSolution
		Debug|Any CPU = Debug|Any CPU
		Release|Any CPU = Release|Any CPU
	EndGlobalSection
	GlobalSection(ProjectConfigurationPlatforms) = postSolution
		{A2E81F0D-B3F6-4C0A-AA5B-2B1B72B6DF62}.Debug|Any CPU.ActiveCfg = Debug|Any CPU
		{A2E81F0D-B3F6-4C0A-AA5B-2B1B72B6DF62}.Debug|Any CPU.Build.0 = Debug|Any CPU
		{A2E81F0D-B3F6-4C0A-AA5B-2B1B72B6DF62}.Release|Any CPU.ActiveCfg = Release|Any CPU
		{A2E81F0D-B3F6-4C0A-AA5B-2B1B72B6DF62}.Release|Any CPU.Build.0 = Release|Any CPU
	EndGlobalSection
	GlobalSection(SolutionProperties) = preSolution
		HideSolutionNode = FALSE
	EndGlobalSection
	GlobalSection(ExtensibilityGlobals) = postSolution
		SolutionGuid = {A6B53787-71F0-49C0-B78B-9F1AA2170AD1}
	EndGlobalSection
EndGlobal
